
Microsoft Visual Studio Solution File, Format Version 12.00
Project("{FAE04EC0-301F-11D3-BF4B-00C04F79EFBC}") = "AmberMusic", "AmberMusic\AmberMusic.csproj", "{27520AE2-A3FB-46B4-AA23-00D2C4E206F3}"
EndProject
Global
	GlobalSection(SolutionConfigurationPlatforms) = preSolution
		Debug|Any CPU = Debug|Any CPU
		Release|Any CPU = Release|Any CPU
	EndGlobalSection
	GlobalSection(ProjectConfigurationPlatforms) = postSolution
		{27520AE2-A3FB-46B4-AA23-00D2C4E206F3}.Debug|Any CPU.ActiveCfg = Debug|Any CPU
		{27520AE2-A3FB-46B4-AA23-00D2C4E206F3}.Debug|Any CPU.Build.0 = Debug|Any CPU
		{27520AE2-A3FB-46B4-AA23-00D2C4E206F3}.Release|Any CPU.ActiveCfg = Release|Any CPU
		{27520AE2-A3FB-46B4-AA23-00D2C4E206F3}.Release|Any CPU.Build.0 = Release|Any CPU
	EndGlobalSection
EndGlobal
